<?xml version="1.0" encoding="utf-8"?>
<Project ToolsVersion="4.0" xmlns="http://schemas.microsoft.com/developer/msbuild/2003">
  <ItemGroup>
    <Filter Include="Source Files">
      <UniqueIdentifier>{4FC737F1-C7A5-4376-A066-2A32D752A2FF}</UniqueIdentifier>
      <Extensions>cpp;c;cc;cxx;c++;cppm;ixx;def;odl;idl;hpj;bat;asm;asmx</Extensions>
    </Filter>
    <Filter Include="Header Files">
      <UniqueIdentifier>{93995380-89BD-4b04-88EB-625FBE52EBFB}</UniqueIdentifier>
      <Extensions>h;hh;hpp;hxx;h++;hm;inl;inc;ipp;xsd</Extensions>
    </Filter>
    <Filter Include="Resource Files">
      <UniqueIdentifier>{67DA6AB6-F800-4c08-8B7A-83BB121AAD01}</UniqueIdentifier>
      <Extensions>rc;ico;cur;bmp;dlg;rc2;rct;bin;rgs;gif;jpg;jpeg;jpe;resx;tiff;tif;png;wav;mfcribbon-ms</Extensions>
    </Filter>
    <Filter Include="Source Files\ForestFiles">
      <UniqueIdentifier>{c28eeb8a-cd76-4e06-bb3e-4c66d18b6484}</UniqueIdentifier>
    </Filter>
    <Filter Include="Source Files\OceanFiles">
      <UniqueIdentifier>{eb26506c-7fe7-4fc6-b140-94940a8878e4}</UniqueIdentifier>
    </Filter>
    <Filter Include="Source Files\ForestFiles\deeper">
      <UniqueIdentifier>{feee8d1f-b218-4601-ac61-f934be10e2a5}</UniqueIdentifier>
    </Filter>
    <Filter Include="Source Files\ForestFiles\out-mt">
      <UniqueIdentifier>{66c948eb-80af-4a97-b90d-3d43884a4e18}</UniqueIdentifier>
    </Filter>
    <Filter Include="Source Files\OceanFiles\sailing">
      <UniqueIdentifier>{71d667f8-d07c-4e07-aa2c-6b1ff5b025a1}</UniqueIdentifier>
    </Filter>
    <Filter Include="Source Files\OceanFiles\island">
      <UniqueIdentifier>{66b7858e-ad31-4c7b-bb9a-ff82b167b430}</UniqueIdentifier>
    </Filter>
  </ItemGroup>
  <ItemGroup>
    <ClCompile Include="MainMenu.cpp">
      <Filter>Source Files</Filter>
    </ClCompile>
    <ClCompile Include="GameIntro.cpp">
      <Filter>Source Files</Filter>
    </ClCompile>
    <ClCompile Include="universalValues.cpp">
      <Filter>Source Files</Filter>
    </ClCompile>
    <ClCompile Include="Forest.cpp">
      <Filter>Source Files\ForestFiles</Filter>
    </ClCompile>
    <ClCompile Include="Ocean.cpp">
      <Filter>Source Files\OceanFiles</Filter>
    </ClCompile>
    <ClCompile Include="deep&amp;deeper.cpp">
      <Filter>Source Files\ForestFiles\deeper</Filter>
    </ClCompile>
    <ClCompile Include="cave.cpp">
      <Filter>Source Files\ForestFiles\deeper</Filter>
    </ClCompile>
    <ClCompile Include="grove.cpp">
      <Filter>Source Files\ForestFiles\deeper</Filter>
    </ClCompile>
    <ClCompile Include="outForest.cpp">
      <Filter>Source Files\ForestFiles\out-mt</Filter>
    </ClCompile>
    <ClCompile Include="Summit.cpp">
      <Filter>Source Files\ForestFiles\out-mt</Filter>
    </ClCompile>
    <ClCompile Include="round.cpp">
      <Filter>Source Files\ForestFiles\out-mt</Filter>
    </ClCompile>
    <ClCompile Include="islandparadise.cpp">
      <Filter>Source Files\OceanFiles\island</Filter>
    </ClCompile>
    <ClCompile Include="moreSailing.cpp">
      <Filter>Source Files\OceanFiles\sailing</Filter>
    </ClCompile>
    <ClCompile Include="flowers.cpp">
      <Filter>Source Files\OceanFiles\island</Filter>
    </ClCompile>
    <ClCompile Include="beach.cpp">
      <Filter>Source Files\OceanFiles\island</Filter>
    </ClCompile>
    <ClCompile Include="struct.cpp">
      <Filter>Source Files\OceanFiles\sailing</Filter>
    </ClCompile>
    <ClCompile Include="water.cpp">
      <Filter>Source Files\OceanFiles\sailing</Filter>
    </ClCompile>
    <ClCompile Include="Settings.cpp">
      <Filter>Source Files</Filter>
    </ClCompile>
    <ClCompile Include="TrophiesMenu.cpp">
      <Filter>Source Files</Filter>
    </ClCompile>
  </ItemGroup>
  <ItemGroup>
    <ClInclude Include="universalValues.h">
      <Filter>Header Files</Filter>
    </ClInclude>
    <ClInclude Include="GameFunctions.h">
      <Filter>Header Files</Filter>
    </ClInclude>
    <ClInclude Include="..\..\..\..\Downloads\json.hpp">
      <Filter>Source Files</Filter>
    </ClInclude>
  </ItemGroup>
</Project>